// !$*UTF8*$!
{
	archiveVersion = 1;
	classes = {
	};
	objectVersion = 46;
	objects = {

/* Begin PBXBuildFile section */
		0B06301518695273005C7E6C /* manual.framework in Frameworks */ = {isa = PBXBuildFile; fileRef = 0B06301418695273005C7E6C /* manual.framework */; };
		0BBD4FC71869449C006A1007 /* abcBundle.framework in Frameworks */ = {isa = PBXBuildFile; fileRef = 0BBD4FC51869449C006A1007 /* abcBundle.framework */; };
		0BBD4FE718694A44006A1007 /* abcUniTemplate.framework in Frameworks */ = {isa = PBXBuildFile; fileRef = 0BBD4FE618694A44006A1007 /* abcUniTemplate.framework */; };
		6B8088EA18688CF10010FDC7 /* Foundation.framework in Frameworks */ = {isa = PBXBuildFile; fileRef = 6B8088E918688CF10010FDC7 /* Foundation.framework */; };
		6B8088EC18688CF10010FDC7 /* CoreGraphics.framework in Frameworks */ = {isa = PBXBuildFile; fileRef = 6B8088EB18688CF10010FDC7 /* CoreGraphics.framework */; };
		6B8088EE18688CF10010FDC7 /* UIKit.framework in Frameworks */ = {isa = PBXBuildFile; fileRef = 6B8088ED18688CF10010FDC7 /* UIKit.framework */; };
		6B8088F418688CF10010FDC7 /* InfoPlist.strings in Resources */ = {isa = PBXBuildFile; fileRef = 6B8088F218688CF10010FDC7 /* InfoPlist.strings */; };
		6B8088F618688CF10010FDC7 /* main.m in Sources */ = {isa = PBXBuildFile; fileRef = 6B8088F518688CF10010FDC7 /* main.m */; };
		6B8088FA18688CF10010FDC7 /* AppDelegate.m in Sources */ = {isa = PBXBuildFile; fileRef = 6B8088F918688CF10010FDC7 /* AppDelegate.m */; };
		6B8088FD18688CF10010FDC7 /* Main_iPhone.storyboard in Resources */ = {isa = PBXBuildFile; fileRef = 6B8088FB18688CF10010FDC7 /* Main_iPhone.storyboard */; };
		6B80890018688CF10010FDC7 /* Main_iPad.storyboard in Resources */ = {isa = PBXBuildFile; fileRef = 6B8088FE18688CF10010FDC7 /* Main_iPad.storyboard */; };
		6B80890318688CF10010FDC7 /* ViewController.mm in Sources */ = {isa = PBXBuildFile; fileRef = 6B80890218688CF10010FDC7 /* ViewController.mm */; };
		6B80890518688CF10010FDC7 /* Images.xcassets in Resources */ = {isa = PBXBuildFile; fileRef = 6B80890418688CF10010FDC7 /* Images.xcassets */; };
		6B80890C18688CF10010FDC7 /* XCTest.framework in Frameworks */ = {isa = PBXBuildFile; fileRef = 6B80890B18688CF10010FDC7 /* XCTest.framework */; };
		6B80890D18688CF10010FDC7 /* Foundation.framework in Frameworks */ = {isa = PBXBuildFile; fileRef = 6B8088E918688CF10010FDC7 /* Foundation.framework */; };
		6B80890E18688CF10010FDC7 /* UIKit.framework in Frameworks */ = {isa = PBXBuildFile; fileRef = 6B8088ED18688CF10010FDC7 /* UIKit.framework */; };
		6B80891618688CF10010FDC7 /* InfoPlist.strings in Resources */ = {isa = PBXBuildFile; fileRef = 6B80891418688CF10010FDC7 /* InfoPlist.strings */; };
		6B80891818688CF10010FDC7 /* mainTests.m in Sources */ = {isa = PBXBuildFile; fileRef = 6B80891718688CF10010FDC7 /* mainTests.m */; };
/* End PBXBuildFile section */

/* Begin PBXContainerItemProxy section */
		6B80890F18688CF10010FDC7 /* PBXContainerItemProxy */ = {
			isa = PBXContainerItemProxy;
			containerPortal = 6B8088DE18688CF10010FDC7 /* Project object */;
			proxyType = 1;
			remoteGlobalIDString = 6B8088E518688CF10010FDC7;
			remoteInfo = main;
		};
/* End PBXContainerItemProxy section */

/* Begin PBXFileReference section */
		0B06301418695273005C7E6C /* manual.framework */ = {isa = PBXFileReference; lastKnownFileType = wrapper.framework; name = manual.framework; path = lib/manual.framework; sourceTree = "<group>"; };
		0BBD4FC51869449C006A1007 /* abcBundle.framework */ = {isa = PBXFileReference; lastKnownFileType = wrapper.framework; name = abcBundle.framework; path = lib/abcBundle.framework; sourceTree = "<group>"; };
		0BBD4FE618694A44006A1007 /* abcUniTemplate.framework */ = {isa = PBXFileReference; lastKnownFileType = wrapper.framework; name = abcUniTemplate.framework; path = lib/abcUniTemplate.framework; sourceTree = "<group>"; };
		6B8088E618688CF10010FDC7 /* main.app */ = {isa = PBXFileReference; explicitFileType = wrapper.application; includeInIndex = 0; path = main.app; sourceTree = BUILT_PRODUCTS_DIR; };
		6B8088E918688CF10010FDC7 /* Foundation.framework */ = {isa = PBXFileReference; lastKnownFileType = wrapper.framework; name = Foundation.framework; path = System/Library/Frameworks/Foundation.framework; sourceTree = SDKROOT; };
		6B8088EB18688CF10010FDC7 /* CoreGraphics.framework */ = {isa = PBXFileReference; lastKnownFileType = wrapper.framework; name = CoreGraphics.framework; path = System/Library/Frameworks/CoreGraphics.framework; sourceTree = SDKROOT; };
		6B8088ED18688CF10010FDC7 /* UIKit.framework */ = {isa = PBXFileReference; lastKnownFileType = wrapper.framework; name = UIKit.framework; path = System/Library/Frameworks/UIKit.framework; sourceTree = SDKROOT; };
		6B8088F118688CF10010FDC7 /* main-Info.plist */ = {isa = PBXFileReference; lastKnownFileType = text.plist.xml; path = "main-Info.plist"; sourceTree = "<group>"; };
		6B8088F318688CF10010FDC7 /* en */ = {isa = PBXFileReference; lastKnownFileType = text.plist.strings; name = en; path = en.lproj/InfoPlist.strings; sourceTree = "<group>"; };
		6B8088F518688CF10010FDC7 /* main.m */ = {isa = PBXFileReference; lastKnownFileType = sourcecode.c.objc; path = main.m; sourceTree = "<group>"; };
		6B8088F718688CF10010FDC7 /* main-Prefix.pch */ = {isa = PBXFileReference; lastKnownFileType = sourcecode.c.h; path = "main-Prefix.pch"; sourceTree = "<group>"; };
		6B8088F818688CF10010FDC7 /* AppDelegate.h */ = {isa = PBXFileReference; lastKnownFileType = sourcecode.c.h; path = AppDelegate.h; sourceTree = "<group>"; };
		6B8088F918688CF10010FDC7 /* AppDelegate.m */ = {isa = PBXFileReference; lastKnownFileType = sourcecode.c.objc; path = AppDelegate.m; sourceTree = "<group>"; };
		6B8088FC18688CF10010FDC7 /* Base */ = {isa = PBXFileReference; lastKnownFileType = file.storyboard; name = Base; path = Base.lproj/Main_iPhone.storyboard; sourceTree = "<group>"; };
		6B8088FF18688CF10010FDC7 /* Base */ = {isa = PBXFileReference; lastKnownFileType = file.storyboard; name = Base; path = Base.lproj/Main_iPad.storyboard; sourceTree = "<group>"; };
		6B80890118688CF10010FDC7 /* ViewController.h */ = {isa = PBXFileReference; lastKnownFileType = sourcecode.c.h; path = ViewController.h; sourceTree = "<group>"; };
		6B80890218688CF10010FDC7 /* ViewController.mm */ = {isa = PBXFileReference; lastKnownFileType = sourcecode.cpp.objcpp; path = ViewController.mm; sourceTree = "<group>"; };
		6B80890418688CF10010FDC7 /* Images.xcassets */ = {isa = PBXFileReference; lastKnownFileType = folder.assetcatalog; path = Images.xcassets; sourceTree = "<group>"; };
		6B80890A18688CF10010FDC7 /* mainTests.xctest */ = {isa = PBXFileReference; explicitFileType = wrapper.cfbundle; includeInIndex = 0; path = mainTests.xctest; sourceTree = BUILT_PRODUCTS_DIR; };
		6B80890B18688CF10010FDC7 /* XCTest.framework */ = {isa = PBXFileReference; lastKnownFileType = wrapper.framework; name = XCTest.framework; path = Library/Frameworks/XCTest.framework; sourceTree = DEVELOPER_DIR; };
		6B80891318688CF10010FDC7 /* mainTests-Info.plist */ = {isa = PBXFileReference; lastKnownFileType = text.plist.xml; path = "mainTests-Info.plist"; sourceTree = "<group>"; };
		6B80891518688CF10010FDC7 /* en */ = {isa = PBXFileReference; lastKnownFileType = text.plist.strings; name = en; path = en.lproj/InfoPlist.strings; sourceTree = "<group>"; };
		6B80891718688CF10010FDC7 /* mainTests.m */ = {isa = PBXFileReference; lastKnownFileType = sourcecode.c.objc; path = mainTests.m; sourceTree = "<group>"; };
/* End PBXFileReference section */

/* Begin PBXFrameworksBuildPhase section */
		6B8088E318688CF10010FDC7 /* Frameworks */ = {
			isa = PBXFrameworksBuildPhase;
			buildActionMask = 2147483647;
			files = (
				0B06301518695273005C7E6C /* manual.framework in Frameworks */,
				0BBD4FE718694A44006A1007 /* abcUniTemplate.framework in Frameworks */,
				0BBD4FC71869449C006A1007 /* abcBundle.framework in Frameworks */,
				6B8088EC18688CF10010FDC7 /* CoreGraphics.framework in Frameworks */,
				6B8088EE18688CF10010FDC7 /* UIKit.framework in Frameworks */,
				6B8088EA18688CF10010FDC7 /* Foundation.framework in Frameworks */,
			);
			runOnlyForDeploymentPostprocessing = 0;
		};
		6B80890718688CF10010FDC7 /* Frameworks */ = {
			isa = PBXFrameworksBuildPhase;
			buildActionMask = 2147483647;
			files = (
				6B80890C18688CF10010FDC7 /* XCTest.framework in Frameworks */,
				6B80890E18688CF10010FDC7 /* UIKit.framework in Frameworks */,
				6B80890D18688CF10010FDC7 /* Foundation.framework in Frameworks */,
			);
			runOnlyForDeploymentPostprocessing = 0;
		};
/* End PBXFrameworksBuildPhase section */

/* Begin PBXGroup section */
		6B8088DD18688CF10010FDC7 = {
			isa = PBXGroup;
			children = (
				6B8088EF18688CF10010FDC7 /* main */,
				6B80891118688CF10010FDC7 /* mainTests */,
				6B8088E818688CF10010FDC7 /* Frameworks */,
				6B8088E718688CF10010FDC7 /* Products */,
			);
			sourceTree = "<group>";
		};
		6B8088E718688CF10010FDC7 /* Products */ = {
			isa = PBXGroup;
			children = (
				6B8088E618688CF10010FDC7 /* main.app */,
				6B80890A18688CF10010FDC7 /* mainTests.xctest */,
			);
			name = Products;
			sourceTree = "<group>";
		};
		6B8088E818688CF10010FDC7 /* Frameworks */ = {
			isa = PBXGroup;
			children = (
				0B06301418695273005C7E6C /* manual.framework */,
				0BBD4FE618694A44006A1007 /* abcUniTemplate.framework */,
				0BBD4FC51869449C006A1007 /* abcBundle.framework */,
				6B8088E918688CF10010FDC7 /* Foundation.framework */,
				6B8088EB18688CF10010FDC7 /* CoreGraphics.framework */,
				6B8088ED18688CF10010FDC7 /* UIKit.framework */,
				6B80890B18688CF10010FDC7 /* XCTest.framework */,
			);
			name = Frameworks;
			sourceTree = "<group>";
		};
		6B8088EF18688CF10010FDC7 /* main */ = {
			isa = PBXGroup;
			children = (
				6B8088F818688CF10010FDC7 /* AppDelegate.h */,
				6B8088F918688CF10010FDC7 /* AppDelegate.m */,
				6B8088FB18688CF10010FDC7 /* Main_iPhone.storyboard */,
				6B8088FE18688CF10010FDC7 /* Main_iPad.storyboard */,
				6B80890118688CF10010FDC7 /* ViewController.h */,
				6B80890218688CF10010FDC7 /* ViewController.mm */,
				6B80890418688CF10010FDC7 /* Images.xcassets */,
				6B8088F018688CF10010FDC7 /* Supporting Files */,
			);
			path = main;
			sourceTree = "<group>";
		};
		6B8088F018688CF10010FDC7 /* Supporting Files */ = {
			isa = PBXGroup;
			children = (
				6B8088F118688CF10010FDC7 /* main-Info.plist */,
				6B8088F218688CF10010FDC7 /* InfoPlist.strings */,
				6B8088F518688CF10010FDC7 /* main.m */,
				6B8088F718688CF10010FDC7 /* main-Prefix.pch */,
			);
			name = "Supporting Files";
			sourceTree = "<group>";
		};
		6B80891118688CF10010FDC7 /* mainTests */ = {
			isa = PBXGroup;
			children = (
				6B80891718688CF10010FDC7 /* mainTests.m */,
				6B80891218688CF10010FDC7 /* Supporting Files */,
			);
			path = mainTests;
			sourceTree = "<group>";
		};
		6B80891218688CF10010FDC7 /* Supporting Files */ = {
			isa = PBXGroup;
			children = (
				6B80891318688CF10010FDC7 /* mainTests-Info.plist */,
				6B80891418688CF10010FDC7 /* InfoPlist.strings */,
			);
			name = "Supporting Files";
			sourceTree = "<group>";
		};
/* End PBXGroup section */

/* Begin PBXNativeTarget section */
		6B8088E518688CF10010FDC7 /* main */ = {
			isa = PBXNativeTarget;
			buildConfigurationList = 6B80891B18688CF10010FDC7 /* Build configuration list for PBXNativeTarget "main" */;
			buildPhases = (
				6B8088E218688CF10010FDC7 /* Sources */,
				6B8088E318688CF10010FDC7 /* Frameworks */,
				6B8088E418688CF10010FDC7 /* Resources */,
			);
			buildRules = (
			);
			dependencies = (
			);
			name = main;
			productName = main;
			productReference = 6B8088E618688CF10010FDC7 /* main.app */;
			productType = "com.apple.product-type.application";
		};
		6B80890918688CF10010FDC7 /* mainTests */ = {
			isa = PBXNativeTarget;
			buildConfigurationList = 6B80891E18688CF10010FDC7 /* Build configuration list for PBXNativeTarget "mainTests" */;
			buildPhases = (
				6B80890618688CF10010FDC7 /* Sources */,
				6B80890718688CF10010FDC7 /* Frameworks */,
				6B80890818688CF10010FDC7 /* Resources */,
			);
			buildRules = (
			);
			dependencies = (
				6B80891018688CF10010FDC7 /* PBXTargetDependency */,
			);
			name = mainTests;
			productName = mainTests;
			productReference = 6B80890A18688CF10010FDC7 /* mainTests.xctest */;
			productType = "com.apple.product-type.bundle.unit-test";
		};
/* End PBXNativeTarget section */

/* Begin PBXProject section */
		6B8088DE18688CF10010FDC7 /* Project object */ = {
			isa = PBXProject;
			attributes = {
				LastUpgradeCheck = 0500;
				ORGANIZATIONNAME = self;
				TargetAttributes = {
					6B80890918688CF10010FDC7 = {
						TestTargetID = 6B8088E518688CF10010FDC7;
					};
				};
			};
			buildConfigurationList = 6B8088E118688CF10010FDC7 /* Build configuration list for PBXProject "main" */;
			compatibilityVersion = "Xcode 3.2";
			developmentRegion = English;
			hasScannedForEncodings = 0;
			knownRegions = (
				en,
				Base,
			);
			mainGroup = 6B8088DD18688CF10010FDC7;
			productRefGroup = 6B8088E718688CF10010FDC7 /* Products */;
			projectDirPath = "";
			projectRoot = "";
			targets = (
				6B8088E518688CF10010FDC7 /* main */,
				6B80890918688CF10010FDC7 /* mainTests */,
			);
		};
/* End PBXProject section */

/* Begin PBXResourcesBuildPhase section */
		6B8088E418688CF10010FDC7 /* Resources */ = {
			isa = PBXResourcesBuildPhase;
			buildActionMask = 2147483647;
			files = (
				6B80890018688CF10010FDC7 /* Main_iPad.storyboard in Resources */,
				6B80890518688CF10010FDC7 /* Images.xcassets in Resources */,
				6B8088FD18688CF10010FDC7 /* Main_iPhone.storyboard in Resources */,
				6B8088F418688CF10010FDC7 /* InfoPlist.strings in Resources */,
			);
			runOnlyForDeploymentPostprocessing = 0;
		};
		6B80890818688CF10010FDC7 /* Resources */ = {
			isa = PBXResourcesBuildPhase;
			buildActionMask = 2147483647;
			files = (
				6B80891618688CF10010FDC7 /* InfoPlist.strings in Resources */,
			);
			runOnlyForDeploymentPostprocessing = 0;
		};
/* End PBXResourcesBuildPhase section */

/* Begin PBXSourcesBuildPhase section */
		6B8088E218688CF10010FDC7 /* Sources */ = {
			isa = PBXSourcesBuildPhase;
			buildActionMask = 2147483647;
			files = (
				6B80890318688CF10010FDC7 /* ViewController.mm in Sources */,
				6B8088FA18688CF10010FDC7 /* AppDelegate.m in Sources */,
				6B8088F618688CF10010FDC7 /* main.m in Sources */,
			);
			runOnlyForDeploymentPostprocessing = 0;
		};
		6B80890618688CF10010FDC7 /* Sources */ = {
			isa = PBXSourcesBuildPhase;
			buildActionMask = 2147483647;
			files = (
				6B80891818688CF10010FDC7 /* mainTests.m in Sources */,
			);
			runOnlyForDeploymentPostprocessing = 0;
		};
/* End PBXSourcesBuildPhase section */

/* Begin PBXTargetDependency section */
		6B80891018688CF10010FDC7 /* PBXTargetDependency */ = {
			isa = PBXTargetDependency;
			target = 6B8088E518688CF10010FDC7 /* main */;
			targetProxy = 6B80890F18688CF10010FDC7 /* PBXContainerItemProxy */;
		};
/* End PBXTargetDependency section */

/* Begin PBXVariantGroup section */
		6B8088F218688CF10010FDC7 /* InfoPlist.strings */ = {
			isa = PBXVariantGroup;
			children = (
				6B8088F318688CF10010FDC7 /* en */,
			);
			name = InfoPlist.strings;
			sourceTree = "<group>";
		};
		6B8088FB18688CF10010FDC7 /* Main_iPhone.storyboard */ = {
			isa = PBXVariantGroup;
			children = (
				6B8088FC18688CF10010FDC7 /* Base */,
			);
			name = Main_iPhone.storyboard;
			sourceTree = "<group>";
		};
		6B8088FE18688CF10010FDC7 /* Main_iPad.storyboard */ = {
			isa = PBXVariantGroup;
			children = (
				6B8088FF18688CF10010FDC7 /* Base */,
			);
			name = Main_iPad.storyboard;
			sourceTree = "<group>";
		};
		6B80891418688CF10010FDC7 /* InfoPlist.strings */ = {
			isa = PBXVariantGroup;
			children = (
				6B80891518688CF10010FDC7 /* en */,
			);
			name = InfoPlist.strings;
			sourceTree = "<group>";
		};
/* End PBXVariantGroup section */

/* Begin XCBuildConfiguration section */
		6B80891918688CF10010FDC7 /* Debug */ = {
			isa = XCBuildConfiguration;
			buildSettings = {
				ALWAYS_SEARCH_USER_PATHS = NO;
				ARCHS = "$(ARCHS_STANDARD_INCLUDING_64_BIT)";
				CLANG_CXX_LANGUAGE_STANDARD = "gnu++98";
				CLANG_CXX_LIBRARY = "libstdc++";
				CLANG_ENABLE_MODULES = YES;
				CLANG_ENABLE_OBJC_ARC = YES;
				CLANG_WARN_BOOL_CONVERSION = YES;
				CLANG_WARN_CONSTANT_CONVERSION = YES;
				CLANG_WARN_DIRECT_OBJC_ISA_USAGE = YES_ERROR;
				CLANG_WARN_EMPTY_BODY = YES;
				CLANG_WARN_ENUM_CONVERSION = YES;
				CLANG_WARN_INT_CONVERSION = YES;
				CLANG_WARN_OBJC_ROOT_CLASS = YES_ERROR;
				CLANG_WARN__DUPLICATE_METHOD_MATCH = YES;
				"CODE_SIGN_IDENTITY[sdk=iphoneos*]" = "iPhone Developer";
				COPY_PHASE_STRIP = NO;
				GCC_C_LANGUAGE_STANDARD = gnu99;
				GCC_DYNAMIC_NO_PIC = NO;
				GCC_OPTIMIZATION_LEVEL = 0;
				GCC_PREPROCESSOR_DEFINITIONS = (
					"DEBUG=1",
					"$(inherited)",
				);
				GCC_SYMBOLS_PRIVATE_EXTERN = NO;
				GCC_WARN_64_TO_32_BIT_CONVERSION = YES;
				GCC_WARN_ABOUT_RETURN_TYPE = YES_ERROR;
				GCC_WARN_UNDECLARED_SELECTOR = YES;
				GCC_WARN_UNINITIALIZED_AUTOS = YES;
				GCC_WARN_UNUSED_FUNCTION = YES;
				GCC_WARN_UNUSED_VARIABLE = YES;
				IPHONEOS_DEPLOYMENT_TARGET = 7.0;
				ONLY_ACTIVE_ARCH = YES;
				SDKROOT = iphoneos;
				TARGETED_DEVICE_FAMILY = "1,2";
			};
			name = Debug;
		};
		6B80891A18688CF10010FDC7 /* Release */ = {
			isa = XCBuildConfiguration;
			buildSettings = {
				ALWAYS_SEARCH_USER_PATHS = NO;
				ARCHS = "$(ARCHS_STANDARD_INCLUDING_64_BIT)";
				CLANG_CXX_LANGUAGE_STANDARD = "gnu++98";
				CLANG_CXX_LIBRARY = "libstdc++";
				CLANG_ENABLE_MODULES = YES;
				CLANG_ENABLE_OBJC_ARC = YES;
				CLANG_WARN_BOOL_CONVERSION = YES;
				CLANG_WARN_CONSTANT_CONVERSION = YES;
				CLANG_WARN_DIRECT_OBJC_ISA_USAGE = YES_ERROR;
				CLANG_WARN_EMPTY_BODY = YES;
				CLANG_WARN_ENUM_CONVERSION = YES;
				CLANG_WARN_INT_CONVERSION = YES;
				CLANG_WARN_OBJC_ROOT_CLASS = YES_ERROR;
				CLANG_WARN__DUPLICATE_METHOD_MATCH = YES;
				"CODE_SIGN_IDENTITY[sdk=iphoneos*]" = "iPhone Developer";
				COPY_PHASE_STRIP = YES;
				ENABLE_NS_ASSERTIONS = NO;
				GCC_C_LANGUAGE_STANDARD = gnu99;
				GCC_WARN_64_TO_32_BIT_CONVERSION = YES;
				GCC_WARN_ABOUT_RETURN_TYPE = YES_ERROR;
				GCC_WARN_UNDECLARED_SELECTOR = YES;
				GCC_WARN_UNINITIALIZED_AUTOS = YES;
				GCC_WARN_UNUSED_FUNCTION = YES;
				GCC_WARN_UNUSED_VARIABLE = YES;
				IPHONEOS_DEPLOYMENT_TARGET = 7.0;
				SDKROOT = iphoneos;
				TARGETED_DEVICE_FAMILY = "1,2";
				VALIDATE_PRODUCT = YES;
			};
			name = Release;
		};
		6B80891C18688CF10010FDC7 /* Debug */ = {
			isa = XCBuildConfiguration;
			buildSettings = {
				ASSETCATALOG_COMPILER_APPICON_NAME = AppIcon;
				ASSETCATALOG_COMPILER_LAUNCHIMAGE_NAME = LaunchImage;
				FRAMEWORK_SEARCH_PATHS = (
					"$(inherited)",
					/Users/VCTL01/proj/self/iOS_trick/staticlib_workspace/main/lib,
				);
				GCC_PRECOMPILE_PREFIX_HEADER = YES;
				GCC_PREFIX_HEADER = "main/main-Prefix.pch";
				INFOPLIST_FILE = "main/main-Info.plist";
				PRODUCT_NAME = "$(TARGET_NAME)";
				WRAPPER_EXTENSION = app;
			};
			name = Debug;
		};
		6B80891D18688CF10010FDC7 /* Release */ = {
			isa = XCBuildConfiguration;
			buildSettings = {
				ASSETCATALOG_COMPILER_APPICON_NAME = AppIcon;
				ASSETCATALOG_COMPILER_LAUNCHIMAGE_NAME = LaunchImage;
				FRAMEWORK_SEARCH_PATHS = (
					"$(inherited)",
					/Users/VCTL01/proj/self/iOS_trick/staticlib_workspace/main/lib,
				);
				GCC_PRECOMPILE_PREFIX_HEADER = YES;
				GCC_PREFIX_HEADER = "main/main-Prefix.pch";
				INFOPLIST_FILE = "main/main-Info.plist";
				PRODUCT_NAME = "$(TARGET_NAME)";
				WRAPPER_EXTENSION = app;
			};
			name = Release;
		};
		6B80891F18688CF10010FDC7 /* Debug */ = {
			isa = XCBuildConfiguration;
			buildSettings = {
				ARCHS = "$(ARCHS_STANDARD_INCLUDING_64_BIT)";
				BUNDLE_LOADER = "$(BUILT_PRODUCTS_DIR)/main.app/main";
				FRAMEWORK_SEARCH_PATHS = (
					"$(SDKROOT)/Developer/Library/Frameworks",
					"$(inherited)",
					"$(DEVELOPER_FRAMEWORKS_DIR)",
				);
				GCC_PRECOMPILE_PREFIX_HEADER = YES;
				GCC_PREFIX_HEADER = "main/main-Prefix.pch";
				GCC_PREPROCESSOR_DEFINITIONS = (
					"DEBUG=1",
					"$(inherited)",
				);
				INFOPLIST_FILE = "mainTests/mainTests-Info.plist";
				PRODUCT_NAME = "$(TARGET_NAME)";
				TEST_HOST = "$(BUNDLE_LOADER)";
				WRAPPER_EXTENSION = xctest;
			};
			name = Debug;
		};
		6B80892018688CF10010FDC7 /* Release */ = {
			isa = XCBuildConfiguration;
			buildSettings = {
				ARCHS = "$(ARCHS_STANDARD_INCLUDING_64_BIT)";
				BUNDLE_LOADER = "$(BUILT_PRODUCTS_DIR)/main.app/main";
				FRAMEWORK_SEARCH_PATHS = (
					"$(SDKROOT)/Developer/Library/Frameworks",
					"$(inherited)",
					"$(DEVELOPER_FRAMEWORKS_DIR)",
				);
				GCC_PRECOMPILE_PREFIX_HEADER = YES;
				GCC_PREFIX_HEADER = "main/main-Prefix.pch";
				INFOPLIST_FILE = "mainTests/mainTests-Info.plist";
				PRODUCT_NAME = "$(TARGET_NAME)";
				TEST_HOST = "$(BUNDLE_LOADER)";
				WRAPPER_EXTENSION = xctest;
			};
			name = Release;
		};
/* End XCBuildConfiguration section */

/* Begin XCConfigurationList section */
		6B8088E118688CF10010FDC7 /* Build configuration list for PBXProject "main" */ = {
			isa = XCConfigurationList;
			buildConfigurations = (
				6B80891918688CF10010FDC7 /* Debug */,
				6B80891A18688CF10010FDC7 /* Release */,
			);
			defaultConfigurationIsVisible = 0;
			defaultConfigurationName = Release;
		};
		6B80891B18688CF10010FDC7 /* Build configuration list for PBXNativeTarget "main" */ = {
			isa = XCConfigurationList;
			buildConfigurations = (
				6B80891C18688CF10010FDC7 /* Debug */,
				6B80891D18688CF10010FDC7 /* Release */,
			);
			defaultConfigurationIsVisible = 0;
			defaultConfigurationName = Release;
		};
		6B80891E18688CF10010FDC7 /* Build configuration list for PBXNativeTarget "mainTests" */ = {
			isa = XCConfigurationList;
			buildConfigurations = (
				6B80891F18688CF10010FDC7 /* Debug */,
				6B80892018688CF10010FDC7 /* Release */,
			);
			defaultConfigurationIsVisible = 0;
			defaultConfigurationName = Release;
		};
/* End XCConfigurationList section */
	};
	rootObject = 6B8088DE18688CF10010FDC7 /* Project object */;
}
