// !$*UTF8*$!
{
	archiveVersion = 1;
	classes = {
	};
	objectVersion = 46;
	objects = {

/* Begin PBXAggregateTarget section */
		6B808974186898AB0010FDC7 /* manual */ = {
			isa = PBXAggregateTarget;
			buildConfigurationList = 6B808975186898AB0010FDC7 /* Build configuration list for PBXAggregateTarget "manual" */;
			buildPhases = (
				6B808978186898D10010FDC7 /* ShellScript */,
				6B80897A186899140010FDC7 /* ShellScript */,
				6B80897B186899290010FDC7 /* CopyFiles */,
			);
			dependencies = (
			);
			name = manual;
			productName = manual;
		};
/* End PBXAggregateTarget section */

/* Begin PBXBuildFile section */
		6B80894F186895E20010FDC7 /* Foundation.framework in Frameworks */ = {isa = PBXBuildFile; fileRef = 6B80894E186895E20010FDC7 /* Foundation.framework */; };
		6B808954186895E20010FDC7 /* abcUniManual.h in CopyFiles */ = {isa = PBXBuildFile; fileRef = 6B808953186895E20010FDC7 /* abcUniManual.h */; };
		6B808956186895E20010FDC7 /* abcUniManual.m in Sources */ = {isa = PBXBuildFile; fileRef = 6B808955186895E20010FDC7 /* abcUniManual.m */; };
		6B80895D186895E20010FDC7 /* XCTest.framework in Frameworks */ = {isa = PBXBuildFile; fileRef = 6B80895C186895E20010FDC7 /* XCTest.framework */; };
		6B80895E186895E20010FDC7 /* Foundation.framework in Frameworks */ = {isa = PBXBuildFile; fileRef = 6B80894E186895E20010FDC7 /* Foundation.framework */; };
		6B808960186895E20010FDC7 /* UIKit.framework in Frameworks */ = {isa = PBXBuildFile; fileRef = 6B80895F186895E20010FDC7 /* UIKit.framework */; };
		6B808963186895E20010FDC7 /* libabcUniManual.a in Frameworks */ = {isa = PBXBuildFile; fileRef = 6B80894B186895E20010FDC7 /* libabcUniManual.a */; };
		6B808969186895E20010FDC7 /* InfoPlist.strings in Resources */ = {isa = PBXBuildFile; fileRef = 6B808967186895E20010FDC7 /* InfoPlist.strings */; };
		6B80896B186895E20010FDC7 /* abcUniManualTests.m in Sources */ = {isa = PBXBuildFile; fileRef = 6B80896A186895E20010FDC7 /* abcUniManualTests.m */; };
		6B80897C186899D10010FDC7 /* abcUniManual.h in CopyFiles */ = {isa = PBXBuildFile; fileRef = 6B808953186895E20010FDC7 /* abcUniManual.h */; };
/* End PBXBuildFile section */

/* Begin PBXContainerItemProxy section */
		6B808961186895E20010FDC7 /* PBXContainerItemProxy */ = {
			isa = PBXContainerItemProxy;
			containerPortal = 6B808943186895E20010FDC7 /* Project object */;
			proxyType = 1;
			remoteGlobalIDString = 6B80894A186895E20010FDC7;
			remoteInfo = abcUniManual;
		};
/* End PBXContainerItemProxy section */

/* Begin PBXCopyFilesBuildPhase section */
		6B808949186895E20010FDC7 /* CopyFiles */ = {
			isa = PBXCopyFilesBuildPhase;
			buildActionMask = 2147483647;
			dstPath = "include/$(PRODUCT_NAME)";
			dstSubfolderSpec = 16;
			files = (
				6B808954186895E20010FDC7 /* abcUniManual.h in CopyFiles */,
			);
			runOnlyForDeploymentPostprocessing = 0;
		};
		6B80897B186899290010FDC7 /* CopyFiles */ = {
			isa = PBXCopyFilesBuildPhase;
			buildActionMask = 2147483647;
			dstPath = "${BUILD_DIR}/${CONFIGURATION}-iphoneuniversal/${PRODUCT_NAME}.framework/Versions/A/Headers";
			dstSubfolderSpec = 0;
			files = (
				6B80897C186899D10010FDC7 /* abcUniManual.h in CopyFiles */,
			);
			runOnlyForDeploymentPostprocessing = 0;
		};
/* End PBXCopyFilesBuildPhase section */

/* Begin PBXFileReference section */
		6B80894B186895E20010FDC7 /* libabcUniManual.a */ = {isa = PBXFileReference; explicitFileType = archive.ar; includeInIndex = 0; path = libabcUniManual.a; sourceTree = BUILT_PRODUCTS_DIR; };
		6B80894E186895E20010FDC7 /* Foundation.framework */ = {isa = PBXFileReference; lastKnownFileType = wrapper.framework; name = Foundation.framework; path = System/Library/Frameworks/Foundation.framework; sourceTree = SDKROOT; };
		6B808952186895E20010FDC7 /* abcUniManual-Prefix.pch */ = {isa = PBXFileReference; lastKnownFileType = sourcecode.c.h; path = "abcUniManual-Prefix.pch"; sourceTree = "<group>"; };
		6B808953186895E20010FDC7 /* abcUniManual.h */ = {isa = PBXFileReference; lastKnownFileType = sourcecode.c.h; path = abcUniManual.h; sourceTree = "<group>"; };
		6B808955186895E20010FDC7 /* abcUniManual.m */ = {isa = PBXFileReference; lastKnownFileType = sourcecode.c.objc; path = abcUniManual.m; sourceTree = "<group>"; };
		6B80895B186895E20010FDC7 /* abcUniManualTests.xctest */ = {isa = PBXFileReference; explicitFileType = wrapper.cfbundle; includeInIndex = 0; path = abcUniManualTests.xctest; sourceTree = BUILT_PRODUCTS_DIR; };
		6B80895C186895E20010FDC7 /* XCTest.framework */ = {isa = PBXFileReference; lastKnownFileType = wrapper.framework; name = XCTest.framework; path = Library/Frameworks/XCTest.framework; sourceTree = DEVELOPER_DIR; };
		6B80895F186895E20010FDC7 /* UIKit.framework */ = {isa = PBXFileReference; lastKnownFileType = wrapper.framework; name = UIKit.framework; path = Library/Frameworks/UIKit.framework; sourceTree = DEVELOPER_DIR; };
		6B808966186895E20010FDC7 /* abcUniManualTests-Info.plist */ = {isa = PBXFileReference; lastKnownFileType = text.plist.xml; path = "abcUniManualTests-Info.plist"; sourceTree = "<group>"; };
		6B808968186895E20010FDC7 /* en */ = {isa = PBXFileReference; lastKnownFileType = text.plist.strings; name = en; path = en.lproj/InfoPlist.strings; sourceTree = "<group>"; };
		6B80896A186895E20010FDC7 /* abcUniManualTests.m */ = {isa = PBXFileReference; lastKnownFileType = sourcecode.c.objc; path = abcUniManualTests.m; sourceTree = "<group>"; };
/* End PBXFileReference section */

/* Begin PBXFrameworksBuildPhase section */
		6B808948186895E20010FDC7 /* Frameworks */ = {
			isa = PBXFrameworksBuildPhase;
			buildActionMask = 2147483647;
			files = (
				6B80894F186895E20010FDC7 /* Foundation.framework in Frameworks */,
			);
			runOnlyForDeploymentPostprocessing = 0;
		};
		6B808958186895E20010FDC7 /* Frameworks */ = {
			isa = PBXFrameworksBuildPhase;
			buildActionMask = 2147483647;
			files = (
				6B80895D186895E20010FDC7 /* XCTest.framework in Frameworks */,
				6B808960186895E20010FDC7 /* UIKit.framework in Frameworks */,
				6B80895E186895E20010FDC7 /* Foundation.framework in Frameworks */,
				6B808963186895E20010FDC7 /* libabcUniManual.a in Frameworks */,
			);
			runOnlyForDeploymentPostprocessing = 0;
		};
/* End PBXFrameworksBuildPhase section */

/* Begin PBXGroup section */
		6B808942186895E20010FDC7 = {
			isa = PBXGroup;
			children = (
				6B808950186895E20010FDC7 /* abcUniManual */,
				6B808964186895E20010FDC7 /* abcUniManualTests */,
				6B80894D186895E20010FDC7 /* Frameworks */,
				6B80894C186895E20010FDC7 /* Products */,
			);
			sourceTree = "<group>";
		};
		6B80894C186895E20010FDC7 /* Products */ = {
			isa = PBXGroup;
			children = (
				6B80894B186895E20010FDC7 /* libabcUniManual.a */,
				6B80895B186895E20010FDC7 /* abcUniManualTests.xctest */,
			);
			name = Products;
			sourceTree = "<group>";
		};
		6B80894D186895E20010FDC7 /* Frameworks */ = {
			isa = PBXGroup;
			children = (
				6B80894E186895E20010FDC7 /* Foundation.framework */,
				6B80895C186895E20010FDC7 /* XCTest.framework */,
				6B80895F186895E20010FDC7 /* UIKit.framework */,
			);
			name = Frameworks;
			sourceTree = "<group>";
		};
		6B808950186895E20010FDC7 /* abcUniManual */ = {
			isa = PBXGroup;
			children = (
				6B808953186895E20010FDC7 /* abcUniManual.h */,
				6B808955186895E20010FDC7 /* abcUniManual.m */,
				6B808951186895E20010FDC7 /* Supporting Files */,
			);
			path = abcUniManual;
			sourceTree = "<group>";
		};
		6B808951186895E20010FDC7 /* Supporting Files */ = {
			isa = PBXGroup;
			children = (
				6B808952186895E20010FDC7 /* abcUniManual-Prefix.pch */,
			);
			name = "Supporting Files";
			sourceTree = "<group>";
		};
		6B808964186895E20010FDC7 /* abcUniManualTests */ = {
			isa = PBXGroup;
			children = (
				6B80896A186895E20010FDC7 /* abcUniManualTests.m */,
				6B808965186895E20010FDC7 /* Supporting Files */,
			);
			path = abcUniManualTests;
			sourceTree = "<group>";
		};
		6B808965186895E20010FDC7 /* Supporting Files */ = {
			isa = PBXGroup;
			children = (
				6B808966186895E20010FDC7 /* abcUniManualTests-Info.plist */,
				6B808967186895E20010FDC7 /* InfoPlist.strings */,
			);
			name = "Supporting Files";
			sourceTree = "<group>";
		};
/* End PBXGroup section */

/* Begin PBXNativeTarget section */
		6B80894A186895E20010FDC7 /* abcUniManual */ = {
			isa = PBXNativeTarget;
			buildConfigurationList = 6B80896E186895E20010FDC7 /* Build configuration list for PBXNativeTarget "abcUniManual" */;
			buildPhases = (
				6B808947186895E20010FDC7 /* Sources */,
				6B808948186895E20010FDC7 /* Frameworks */,
				6B808949186895E20010FDC7 /* CopyFiles */,
			);
			buildRules = (
			);
			dependencies = (
			);
			name = abcUniManual;
			productName = abcUniManual;
			productReference = 6B80894B186895E20010FDC7 /* libabcUniManual.a */;
			productType = "com.apple.product-type.library.static";
		};
		6B80895A186895E20010FDC7 /* abcUniManualTests */ = {
			isa = PBXNativeTarget;
			buildConfigurationList = 6B808971186895E20010FDC7 /* Build configuration list for PBXNativeTarget "abcUniManualTests" */;
			buildPhases = (
				6B808957186895E20010FDC7 /* Sources */,
				6B808958186895E20010FDC7 /* Frameworks */,
				6B808959186895E20010FDC7 /* Resources */,
			);
			buildRules = (
			);
			dependencies = (
				6B808962186895E20010FDC7 /* PBXTargetDependency */,
			);
			name = abcUniManualTests;
			productName = abcUniManualTests;
			productReference = 6B80895B186895E20010FDC7 /* abcUniManualTests.xctest */;
			productType = "com.apple.product-type.bundle.unit-test";
		};
/* End PBXNativeTarget section */

/* Begin PBXProject section */
		6B808943186895E20010FDC7 /* Project object */ = {
			isa = PBXProject;
			attributes = {
				LastUpgradeCheck = 0500;
				ORGANIZATIONNAME = self;
			};
			buildConfigurationList = 6B808946186895E20010FDC7 /* Build configuration list for PBXProject "abcUniManual" */;
			compatibilityVersion = "Xcode 3.2";
			developmentRegion = English;
			hasScannedForEncodings = 0;
			knownRegions = (
				en,
			);
			mainGroup = 6B808942186895E20010FDC7;
			productRefGroup = 6B80894C186895E20010FDC7 /* Products */;
			projectDirPath = "";
			projectRoot = "";
			targets = (
				6B80894A186895E20010FDC7 /* abcUniManual */,
				6B80895A186895E20010FDC7 /* abcUniManualTests */,
				6B808974186898AB0010FDC7 /* manual */,
			);
		};
/* End PBXProject section */

/* Begin PBXResourcesBuildPhase section */
		6B808959186895E20010FDC7 /* Resources */ = {
			isa = PBXResourcesBuildPhase;
			buildActionMask = 2147483647;
			files = (
				6B808969186895E20010FDC7 /* InfoPlist.strings in Resources */,
			);
			runOnlyForDeploymentPostprocessing = 0;
		};
/* End PBXResourcesBuildPhase section */

/* Begin PBXShellScriptBuildPhase section */
		6B808978186898D10010FDC7 /* ShellScript */ = {
			isa = PBXShellScriptBuildPhase;
			buildActionMask = 2147483647;
			files = (
			);
			inputPaths = (
			);
			outputPaths = (
			);
			runOnlyForDeploymentPostprocessing = 0;
			shellPath = /bin/sh;
			shellScript = "#PRODUCT_NAME=sdk # use this to modify dist framework name\nxcodebuild -project ${PROJECT_NAME}.xcodeproj -sdk iphonesimulator -target ${PROJECT_NAME} -configuration ${CONFIGURATION} clean build CONFIGURATION_BUILD_DIR=${BUILD_DIR}/${CONFIGURATION}-iphonesimulator\n\nxcodebuild -project ${PROJECT_NAME}.xcodeproj -sdk iphoneos -target ${PROJECT_NAME} -configuration ${CONFIGURATION} clean build CONFIGURATION_BUILD_DIR=${BUILD_DIR}/${CONFIGURATION}-iphoneos";
		};
		6B80897A186899140010FDC7 /* ShellScript */ = {
			isa = PBXShellScriptBuildPhase;
			buildActionMask = 2147483647;
			files = (
			);
			inputPaths = (
			);
			outputPaths = (
			);
			runOnlyForDeploymentPostprocessing = 0;
			shellPath = /bin/sh;
			shellScript = "#PRODUCT_NAME=sdk # use this to modify dist framework name\nSIMULATOR_LIBRARY_PATH=\"${BUILD_DIR}/${CONFIGURATION}-iphonesimulator/lib${PROJECT_NAME}.a\"\nDEVICE_LIBRARY_PATH=\"${BUILD_DIR}/${CONFIGURATION}-iphoneos/lib${PROJECT_NAME}.a\"\nUNIVERSAL_LIBRARY_DIR=\"${BUILD_DIR}/${CONFIGURATION}-iphoneuniversal\"\nUNIVERSAL_LIBRARY_PATH=\"${UNIVERSAL_LIBRARY_DIR}/${PRODUCT_NAME}\"\nFRAMEWORK=\"${UNIVERSAL_LIBRARY_DIR}/${PRODUCT_NAME}.framework\"\n\n# Create framework directory structure.\nrm -rf \"${FRAMEWORK}\"\nmkdir -p \"${UNIVERSAL_LIBRARY_DIR}\"\nmkdir -p \"${FRAMEWORK}/Versions/A/Headers\"\nmkdir -p \"${FRAMEWORK}/Versions/A/Resources\"\n\n# Generate universal binary for the device and simulator.\nlipo \"${SIMULATOR_LIBRARY_PATH}\" \"${DEVICE_LIBRARY_PATH}\" -create -output \"${UNIVERSAL_LIBRARY_PATH}\"\n\n# Move files to appropriate locations in framework paths.\ncp \"${UNIVERSAL_LIBRARY_PATH}\" \"${FRAMEWORK}/Versions/A\"\nln -s \"A\" \"${FRAMEWORK}/Versions/Current\"\nln -s \"Versions/Current/Headers\" \"${FRAMEWORK}/Headers\"\nln -s \"Versions/Current/Resources\" \"${FRAMEWORK}/Resources\"\nln -s \"Versions/Current/${PRODUCT_NAME}\" \"${FRAMEWORK}/${PRODUCT_NAME}\"";
		};
/* End PBXShellScriptBuildPhase section */

/* Begin PBXSourcesBuildPhase section */
		6B808947186895E20010FDC7 /* Sources */ = {
			isa = PBXSourcesBuildPhase;
			buildActionMask = 2147483647;
			files = (
				6B808956186895E20010FDC7 /* abcUniManual.m in Sources */,
			);
			runOnlyForDeploymentPostprocessing = 0;
		};
		6B808957186895E20010FDC7 /* Sources */ = {
			isa = PBXSourcesBuildPhase;
			buildActionMask = 2147483647;
			files = (
				6B80896B186895E20010FDC7 /* abcUniManualTests.m in Sources */,
			);
			runOnlyForDeploymentPostprocessing = 0;
		};
/* End PBXSourcesBuildPhase section */

/* Begin PBXTargetDependency section */
		6B808962186895E20010FDC7 /* PBXTargetDependency */ = {
			isa = PBXTargetDependency;
			target = 6B80894A186895E20010FDC7 /* abcUniManual */;
			targetProxy = 6B808961186895E20010FDC7 /* PBXContainerItemProxy */;
		};
/* End PBXTargetDependency section */

/* Begin PBXVariantGroup section */
		6B808967186895E20010FDC7 /* InfoPlist.strings */ = {
			isa = PBXVariantGroup;
			children = (
				6B808968186895E20010FDC7 /* en */,
			);
			name = InfoPlist.strings;
			sourceTree = "<group>";
		};
/* End PBXVariantGroup section */

/* Begin XCBuildConfiguration section */
		6B80896C186895E20010FDC7 /* Debug */ = {
			isa = XCBuildConfiguration;
			buildSettings = {
				ALWAYS_SEARCH_USER_PATHS = NO;
				ARCHS = "$(ARCHS_STANDARD_INCLUDING_64_BIT)";
				CLANG_CXX_LANGUAGE_STANDARD = "gnu++98";
				CLANG_CXX_LIBRARY = "libstdc++";
				CLANG_ENABLE_MODULES = YES;
				CLANG_ENABLE_OBJC_ARC = YES;
				CLANG_WARN_BOOL_CONVERSION = YES;
				CLANG_WARN_CONSTANT_CONVERSION = YES;
				CLANG_WARN_DIRECT_OBJC_ISA_USAGE = YES_ERROR;
				CLANG_WARN_EMPTY_BODY = YES;
				CLANG_WARN_ENUM_CONVERSION = YES;
				CLANG_WARN_INT_CONVERSION = YES;
				CLANG_WARN_OBJC_ROOT_CLASS = YES_ERROR;
				CLANG_WARN__DUPLICATE_METHOD_MATCH = YES;
				COPY_PHASE_STRIP = NO;
				DEAD_CODE_STRIPPING = YES;
				GCC_C_LANGUAGE_STANDARD = gnu99;
				GCC_DYNAMIC_NO_PIC = NO;
				GCC_OPTIMIZATION_LEVEL = 0;
				GCC_PREPROCESSOR_DEFINITIONS = (
					"DEBUG=1",
					"$(inherited)",
				);
				GCC_SYMBOLS_PRIVATE_EXTERN = NO;
				GCC_WARN_64_TO_32_BIT_CONVERSION = YES;
				GCC_WARN_ABOUT_RETURN_TYPE = YES_ERROR;
				GCC_WARN_UNDECLARED_SELECTOR = YES;
				GCC_WARN_UNINITIALIZED_AUTOS = YES;
				GCC_WARN_UNUSED_FUNCTION = YES;
				GCC_WARN_UNUSED_VARIABLE = YES;
				IPHONEOS_DEPLOYMENT_TARGET = 7.0;
				ONLY_ACTIVE_ARCH = NO;
				PRESERVE_DEAD_CODE_INITS_AND_TERMS = NO;
				SDKROOT = iphoneos;
			};
			name = Debug;
		};
		6B80896D186895E20010FDC7 /* Release */ = {
			isa = XCBuildConfiguration;
			buildSettings = {
				ALWAYS_SEARCH_USER_PATHS = NO;
				ARCHS = "$(ARCHS_STANDARD_INCLUDING_64_BIT)";
				CLANG_CXX_LANGUAGE_STANDARD = "gnu++98";
				CLANG_CXX_LIBRARY = "libstdc++";
				CLANG_ENABLE_MODULES = YES;
				CLANG_ENABLE_OBJC_ARC = YES;
				CLANG_WARN_BOOL_CONVERSION = YES;
				CLANG_WARN_CONSTANT_CONVERSION = YES;
				CLANG_WARN_DIRECT_OBJC_ISA_USAGE = YES_ERROR;
				CLANG_WARN_EMPTY_BODY = YES;
				CLANG_WARN_ENUM_CONVERSION = YES;
				CLANG_WARN_INT_CONVERSION = YES;
				CLANG_WARN_OBJC_ROOT_CLASS = YES_ERROR;
				CLANG_WARN__DUPLICATE_METHOD_MATCH = YES;
				COPY_PHASE_STRIP = YES;
				DEAD_CODE_STRIPPING = YES;
				ENABLE_NS_ASSERTIONS = NO;
				GCC_C_LANGUAGE_STANDARD = gnu99;
				GCC_WARN_64_TO_32_BIT_CONVERSION = YES;
				GCC_WARN_ABOUT_RETURN_TYPE = YES_ERROR;
				GCC_WARN_UNDECLARED_SELECTOR = YES;
				GCC_WARN_UNINITIALIZED_AUTOS = YES;
				GCC_WARN_UNUSED_FUNCTION = YES;
				GCC_WARN_UNUSED_VARIABLE = YES;
				IPHONEOS_DEPLOYMENT_TARGET = 7.0;
				PRESERVE_DEAD_CODE_INITS_AND_TERMS = NO;
				SDKROOT = iphoneos;
				VALIDATE_PRODUCT = YES;
			};
			name = Release;
		};
		6B80896F186895E20010FDC7 /* Debug */ = {
			isa = XCBuildConfiguration;
			buildSettings = {
				DSTROOT = /tmp/abcUniManual.dst;
				GCC_PRECOMPILE_PREFIX_HEADER = YES;
				GCC_PREFIX_HEADER = "abcUniManual/abcUniManual-Prefix.pch";
				OTHER_LDFLAGS = "-ObjC";
				PRODUCT_NAME = "$(TARGET_NAME)";
				SKIP_INSTALL = YES;
			};
			name = Debug;
		};
		6B808970186895E20010FDC7 /* Release */ = {
			isa = XCBuildConfiguration;
			buildSettings = {
				DSTROOT = /tmp/abcUniManual.dst;
				GCC_PRECOMPILE_PREFIX_HEADER = YES;
				GCC_PREFIX_HEADER = "abcUniManual/abcUniManual-Prefix.pch";
				OTHER_LDFLAGS = "-ObjC";
				PRODUCT_NAME = "$(TARGET_NAME)";
				SKIP_INSTALL = YES;
			};
			name = Release;
		};
		6B808972186895E20010FDC7 /* Debug */ = {
			isa = XCBuildConfiguration;
			buildSettings = {
				ARCHS = "$(ARCHS_STANDARD_INCLUDING_64_BIT)";
				FRAMEWORK_SEARCH_PATHS = (
					"$(SDKROOT)/Developer/Library/Frameworks",
					"$(inherited)",
					"$(DEVELOPER_FRAMEWORKS_DIR)",
				);
				GCC_PRECOMPILE_PREFIX_HEADER = YES;
				GCC_PREFIX_HEADER = "abcUniManual/abcUniManual-Prefix.pch";
				GCC_PREPROCESSOR_DEFINITIONS = (
					"DEBUG=1",
					"$(inherited)",
				);
				INFOPLIST_FILE = "abcUniManualTests/abcUniManualTests-Info.plist";
				PRODUCT_NAME = "$(TARGET_NAME)";
				WRAPPER_EXTENSION = xctest;
			};
			name = Debug;
		};
		6B808973186895E20010FDC7 /* Release */ = {
			isa = XCBuildConfiguration;
			buildSettings = {
				ARCHS = "$(ARCHS_STANDARD_INCLUDING_64_BIT)";
				FRAMEWORK_SEARCH_PATHS = (
					"$(SDKROOT)/Developer/Library/Frameworks",
					"$(inherited)",
					"$(DEVELOPER_FRAMEWORKS_DIR)",
				);
				GCC_PRECOMPILE_PREFIX_HEADER = YES;
				GCC_PREFIX_HEADER = "abcUniManual/abcUniManual-Prefix.pch";
				INFOPLIST_FILE = "abcUniManualTests/abcUniManualTests-Info.plist";
				PRODUCT_NAME = "$(TARGET_NAME)";
				WRAPPER_EXTENSION = xctest;
			};
			name = Release;
		};
		6B808976186898AB0010FDC7 /* Debug */ = {
			isa = XCBuildConfiguration;
			buildSettings = {
				PRODUCT_NAME = "$(TARGET_NAME)";
			};
			name = Debug;
		};
		6B808977186898AB0010FDC7 /* Release */ = {
			isa = XCBuildConfiguration;
			buildSettings = {
				PRODUCT_NAME = "$(TARGET_NAME)";
			};
			name = Release;
		};
/* End XCBuildConfiguration section */

/* Begin XCConfigurationList section */
		6B808946186895E20010FDC7 /* Build configuration list for PBXProject "abcUniManual" */ = {
			isa = XCConfigurationList;
			buildConfigurations = (
				6B80896C186895E20010FDC7 /* Debug */,
				6B80896D186895E20010FDC7 /* Release */,
			);
			defaultConfigurationIsVisible = 0;
			defaultConfigurationName = Release;
		};
		6B80896E186895E20010FDC7 /* Build configuration list for PBXNativeTarget "abcUniManual" */ = {
			isa = XCConfigurationList;
			buildConfigurations = (
				6B80896F186895E20010FDC7 /* Debug */,
				6B808970186895E20010FDC7 /* Release */,
			);
			defaultConfigurationIsVisible = 0;
			defaultConfigurationName = Release;
		};
		6B808971186895E20010FDC7 /* Build configuration list for PBXNativeTarget "abcUniManualTests" */ = {
			isa = XCConfigurationList;
			buildConfigurations = (
				6B808972186895E20010FDC7 /* Debug */,
				6B808973186895E20010FDC7 /* Release */,
			);
			defaultConfigurationIsVisible = 0;
			defaultConfigurationName = Release;
		};
		6B808975186898AB0010FDC7 /* Build configuration list for PBXAggregateTarget "manual" */ = {
			isa = XCConfigurationList;
			buildConfigurations = (
				6B808976186898AB0010FDC7 /* Debug */,
				6B808977186898AB0010FDC7 /* Release */,
			);
			defaultConfigurationIsVisible = 0;
			defaultConfigurationName = Release;
		};
/* End XCConfigurationList section */
	};
	rootObject = 6B808943186895E20010FDC7 /* Project object */;
}
